// !$*UTF8*$!
{
	archiveVersion = 1;
	classes = {
	};
	objectVersion = 56;
	objects = {

/* Begin PBXBuildFile section */
		3688DE0E4DB668459E481CC5 /* Pods_RecipeBook.framework in Frameworks */ = {isa = PBXBuildFile; fileRef = 53C4F59D1BFECC4865182FDC /* Pods_RecipeBook.framework */; };
		AB105C972A83DD8B00EAE886 /* NameScreenViewController.swift in Sources */ = {isa = PBXBuildFile; fileRef = AB105C952A83DD8B00EAE886 /* NameScreenViewController.swift */; };
		AB105C982A83DD8B00EAE886 /* NameScreenViewController.xib in Resources */ = {isa = PBXBuildFile; fileRef = AB105C962A83DD8B00EAE886 /* NameScreenViewController.xib */; };
		AB14BC752A84F43000A94B45 /* HomeScreenViewController.storyboard in Resources */ = {isa = PBXBuildFile; fileRef = AB14BC742A84F43000A94B45 /* HomeScreenViewController.storyboard */; };
		AB3BD53D2A851E7F00D44712 /* UserDefaultsName.swift in Sources */ = {isa = PBXBuildFile; fileRef = AB3BD53C2A851E7F00D44712 /* UserDefaultsName.swift */; };
		ABACE86C2A83AA03009C77EE /* AppDelegate.swift in Sources */ = {isa = PBXBuildFile; fileRef = ABACE86B2A83AA03009C77EE /* AppDelegate.swift */; };
		ABACE8752A83AA04009C77EE /* Assets.xcassets in Resources */ = {isa = PBXBuildFile; fileRef = ABACE8742A83AA04009C77EE /* Assets.xcassets */; };
		ABACE8782A83AA04009C77EE /* LaunchScreen.storyboard in Resources */ = {isa = PBXBuildFile; fileRef = ABACE8762A83AA04009C77EE /* LaunchScreen.storyboard */; };
		ABACE8812A83AAA9009C77EE /* .swiftlint.yml in Resources */ = {isa = PBXBuildFile; fileRef = ABACE8802A83AAA9009C77EE /* .swiftlint.yml */; };
		ABF5FD9C2A84CEED007AFBAC /* HomeScreenViewController.swift in Sources */ = {isa = PBXBuildFile; fileRef = ABF5FD9A2A84CEED007AFBAC /* HomeScreenViewController.swift */; };
/* End PBXBuildFile section */

/* Begin PBXFileReference section */
		07DC99E6DBC41960EF1CA1CD /* Pods-RecipeBook.debug.xcconfig */ = {isa = PBXFileReference; includeInIndex = 1; lastKnownFileType = text.xcconfig; name = "Pods-RecipeBook.debug.xcconfig"; path = "Target Support Files/Pods-RecipeBook/Pods-RecipeBook.debug.xcconfig"; sourceTree = "<group>"; };
		53C4F59D1BFECC4865182FDC /* Pods_RecipeBook.framework */ = {isa = PBXFileReference; explicitFileType = wrapper.framework; includeInIndex = 0; path = Pods_RecipeBook.framework; sourceTree = BUILT_PRODUCTS_DIR; };
		AB105C952A83DD8B00EAE886 /* NameScreenViewController.swift */ = {isa = PBXFileReference; lastKnownFileType = sourcecode.swift; path = NameScreenViewController.swift; sourceTree = "<group>"; };
		AB105C962A83DD8B00EAE886 /* NameScreenViewController.xib */ = {isa = PBXFileReference; lastKnownFileType = file.xib; path = NameScreenViewController.xib; sourceTree = "<group>"; };
		AB14BC742A84F43000A94B45 /* HomeScreenViewController.storyboard */ = {isa = PBXFileReference; lastKnownFileType = file.storyboard; path = HomeScreenViewController.storyboard; sourceTree = "<group>"; };
		AB3BD53C2A851E7F00D44712 /* UserDefaultsName.swift */ = {isa = PBXFileReference; lastKnownFileType = sourcecode.swift; path = UserDefaultsName.swift; sourceTree = "<group>"; };
		ABACE8682A83AA03009C77EE /* RecipeBook.app */ = {isa = PBXFileReference; explicitFileType = wrapper.application; includeInIndex = 0; path = RecipeBook.app; sourceTree = BUILT_PRODUCTS_DIR; };
		ABACE86B2A83AA03009C77EE /* AppDelegate.swift */ = {isa = PBXFileReference; lastKnownFileType = sourcecode.swift; path = AppDelegate.swift; sourceTree = "<group>"; };
		ABACE8742A83AA04009C77EE /* Assets.xcassets */ = {isa = PBXFileReference; lastKnownFileType = folder.assetcatalog; path = Assets.xcassets; sourceTree = "<group>"; };
		ABACE8772A83AA04009C77EE /* Base */ = {isa = PBXFileReference; lastKnownFileType = file.storyboard; name = Base; path = Base.lproj/LaunchScreen.storyboard; sourceTree = "<group>"; };
		ABACE8792A83AA04009C77EE /* Info.plist */ = {isa = PBXFileReference; lastKnownFileType = text.plist.xml; path = Info.plist; sourceTree = "<group>"; };
		ABACE8802A83AAA9009C77EE /* .swiftlint.yml */ = {isa = PBXFileReference; lastKnownFileType = text.yaml; path = .swiftlint.yml; sourceTree = "<group>"; };
		ABF5FD9A2A84CEED007AFBAC /* HomeScreenViewController.swift */ = {isa = PBXFileReference; lastKnownFileType = sourcecode.swift; path = HomeScreenViewController.swift; sourceTree = "<group>"; };
		B98A303049C07C1F769F8875 /* Pods-RecipeBook.release.xcconfig */ = {isa = PBXFileReference; includeInIndex = 1; lastKnownFileType = text.xcconfig; name = "Pods-RecipeBook.release.xcconfig"; path = "Target Support Files/Pods-RecipeBook/Pods-RecipeBook.release.xcconfig"; sourceTree = "<group>"; };
/* End PBXFileReference section */

/* Begin PBXFrameworksBuildPhase section */
		ABACE8652A83AA03009C77EE /* Frameworks */ = {
			isa = PBXFrameworksBuildPhase;
			buildActionMask = 2147483647;
			files = (
				3688DE0E4DB668459E481CC5 /* Pods_RecipeBook.framework in Frameworks */,
			);
			runOnlyForDeploymentPostprocessing = 0;
		};
/* End PBXFrameworksBuildPhase section */

/* Begin PBXGroup section */
		2FF12B1D74471D482C5F49F5 /* Frameworks */ = {
			isa = PBXGroup;
			children = (
				53C4F59D1BFECC4865182FDC /* Pods_RecipeBook.framework */,
			);
			name = Frameworks;
			sourceTree = "<group>";
		};
		7E216E2B807D315ECC018232 /* Pods */ = {
			isa = PBXGroup;
			children = (
				07DC99E6DBC41960EF1CA1CD /* Pods-RecipeBook.debug.xcconfig */,
				B98A303049C07C1F769F8875 /* Pods-RecipeBook.release.xcconfig */,
			);
			path = Pods;
			sourceTree = "<group>";
		};
		AB228C032A83CCDE0035043E /* Extensions */ = {
			isa = PBXGroup;
			children = (
			);
			path = Extensions;
			sourceTree = "<group>";
		};
		AB228C042A83CD360035043E /* Data */ = {
			isa = PBXGroup;
			children = (
				AB3BD53C2A851E7F00D44712 /* UserDefaultsName.swift */,
			);
			path = Data;
			sourceTree = "<group>";
		};
		AB228C052A83CD3D0035043E /* Networking */ = {
			isa = PBXGroup;
			children = (
			);
			path = Networking;
			sourceTree = "<group>";
		};
		AB228C062A83CD460035043E /* Views */ = {
			isa = PBXGroup;
			children = (
			);
			path = Views;
			sourceTree = "<group>";
		};
		AB228C072A83CD4D0035043E /* ViewControllers */ = {
			isa = PBXGroup;
			children = (
				ABF5FD992A84CED3007AFBAC /* HomeScreenViewController */,
				AB940D642A83E02A00C8A0FB /* NameScreenViewController */,
			);
			path = ViewControllers;
			sourceTree = "<group>";
		};
		AB228C082A83CD560035043E /* ViewModels */ = {
			isa = PBXGroup;
			children = (
			);
			path = ViewModels;
			sourceTree = "<group>";
		};
		AB940D642A83E02A00C8A0FB /* NameScreenViewController */ = {
			isa = PBXGroup;
			children = (
				AB105C952A83DD8B00EAE886 /* NameScreenViewController.swift */,
				AB105C962A83DD8B00EAE886 /* NameScreenViewController.xib */,
			);
			path = NameScreenViewController;
			sourceTree = "<group>";
		};
		ABACE85F2A83AA03009C77EE = {
			isa = PBXGroup;
			children = (
				ABACE8802A83AAA9009C77EE /* .swiftlint.yml */,
				ABACE86A2A83AA03009C77EE /* RecipeBook */,
				ABACE8692A83AA03009C77EE /* Products */,
				7E216E2B807D315ECC018232 /* Pods */,
				2FF12B1D74471D482C5F49F5 /* Frameworks */,
			);
			sourceTree = "<group>";
		};
		ABACE8692A83AA03009C77EE /* Products */ = {
			isa = PBXGroup;
			children = (
				ABACE8682A83AA03009C77EE /* RecipeBook.app */,
			);
			name = Products;
			sourceTree = "<group>";
		};
		ABACE86A2A83AA03009C77EE /* RecipeBook */ = {
			isa = PBXGroup;
			children = (
				AB228C082A83CD560035043E /* ViewModels */,
				AB228C072A83CD4D0035043E /* ViewControllers */,
				AB228C062A83CD460035043E /* Views */,
				AB228C052A83CD3D0035043E /* Networking */,
				AB228C042A83CD360035043E /* Data */,
				AB228C032A83CCDE0035043E /* Extensions */,
				ABACE8742A83AA04009C77EE /* Assets.xcassets */,
				ABACE8792A83AA04009C77EE /* Info.plist */,
				ABACE86B2A83AA03009C77EE /* AppDelegate.swift */,
				ABACE8762A83AA04009C77EE /* LaunchScreen.storyboard */,
			);
			path = RecipeBook;
			sourceTree = "<group>";
		};
		ABF5FD992A84CED3007AFBAC /* HomeScreenViewController */ = {
			isa = PBXGroup;
			children = (
				ABF5FD9A2A84CEED007AFBAC /* HomeScreenViewController.swift */,
				AB14BC742A84F43000A94B45 /* HomeScreenViewController.storyboard */,
			);
			path = HomeScreenViewController;
			sourceTree = "<group>";
		};
/* End PBXGroup section */

/* Begin PBXNativeTarget section */
		ABACE8672A83AA03009C77EE /* RecipeBook */ = {
			isa = PBXNativeTarget;
			buildConfigurationList = ABACE87C2A83AA04009C77EE /* Build configuration list for PBXNativeTarget "RecipeBook" */;
			buildPhases = (
				8D64A0C8236593140735AD91 /* [CP] Check Pods Manifest.lock */,
				ABACE8642A83AA03009C77EE /* Sources */,
				ABACE8652A83AA03009C77EE /* Frameworks */,
				ABACE8662A83AA03009C77EE /* Resources */,
				ABACE87F2A83AA4D009C77EE /* ShellScript */,
				AA6E580CD5E898DDE73BF2D3 /* [CP] Embed Pods Frameworks */,
			);
			buildRules = (
			);
			dependencies = (
			);
			name = RecipeBook;
			productName = RecipeBook;
			productReference = ABACE8682A83AA03009C77EE /* RecipeBook.app */;
			productType = "com.apple.product-type.application";
		};
/* End PBXNativeTarget section */

/* Begin PBXProject section */
		ABACE8602A83AA03009C77EE /* Project object */ = {
			isa = PBXProject;
			attributes = {
				BuildIndependentTargetsInParallel = 1;
				LastSwiftUpdateCheck = 1430;
				LastUpgradeCheck = 1430;
				TargetAttributes = {
					ABACE8672A83AA03009C77EE = {
						CreatedOnToolsVersion = 14.3.1;
					};
				};
			};
			buildConfigurationList = ABACE8632A83AA03009C77EE /* Build configuration list for PBXProject "RecipeBook" */;
			compatibilityVersion = "Xcode 14.0";
			developmentRegion = en;
			hasScannedForEncodings = 0;
			knownRegions = (
				en,
				Base,
			);
			mainGroup = ABACE85F2A83AA03009C77EE;
			productRefGroup = ABACE8692A83AA03009C77EE /* Products */;
			projectDirPath = "";
			projectRoot = "";
			targets = (
				ABACE8672A83AA03009C77EE /* RecipeBook */,
			);
		};
/* End PBXProject section */

/* Begin PBXResourcesBuildPhase section */
		ABACE8662A83AA03009C77EE /* Resources */ = {
			isa = PBXResourcesBuildPhase;
			buildActionMask = 2147483647;
			files = (
				ABACE8812A83AAA9009C77EE /* .swiftlint.yml in Resources */,
				AB105C982A83DD8B00EAE886 /* NameScreenViewController.xib in Resources */,
				ABACE8782A83AA04009C77EE /* LaunchScreen.storyboard in Resources */,
				AB14BC752A84F43000A94B45 /* HomeScreenViewController.storyboard in Resources */,
				ABACE8752A83AA04009C77EE /* Assets.xcassets in Resources */,
			);
			runOnlyForDeploymentPostprocessing = 0;
		};
/* End PBXResourcesBuildPhase section */

/* Begin PBXShellScriptBuildPhase section */
		8D64A0C8236593140735AD91 /* [CP] Check Pods Manifest.lock */ = {
			isa = PBXShellScriptBuildPhase;
			buildActionMask = 2147483647;
			files = (
			);
			inputFileListPaths = (
			);
			inputPaths = (
				"${PODS_PODFILE_DIR_PATH}/Podfile.lock",
				"${PODS_ROOT}/Manifest.lock",
			);
			name = "[CP] Check Pods Manifest.lock";
			outputFileListPaths = (
			);
			outputPaths = (
				"$(DERIVED_FILE_DIR)/Pods-RecipeBook-checkManifestLockResult.txt",
			);
			runOnlyForDeploymentPostprocessing = 0;
			shellPath = /bin/sh;
			shellScript = "diff \"${PODS_PODFILE_DIR_PATH}/Podfile.lock\" \"${PODS_ROOT}/Manifest.lock\" > /dev/null\nif [ $? != 0 ] ; then\n    # print error to STDERR\n    echo \"error: The sandbox is not in sync with the Podfile.lock. Run 'pod install' or update your CocoaPods installation.\" >&2\n    exit 1\nfi\n# This output is used by Xcode 'outputs' to avoid re-running this script phase.\necho \"SUCCESS\" > \"${SCRIPT_OUTPUT_FILE_0}\"\n";
			showEnvVarsInLog = 0;
		};
		AA6E580CD5E898DDE73BF2D3 /* [CP] Embed Pods Frameworks */ = {
			isa = PBXShellScriptBuildPhase;
			buildActionMask = 2147483647;
			files = (
			);
			inputFileListPaths = (
				"${PODS_ROOT}/Target Support Files/Pods-RecipeBook/Pods-RecipeBook-frameworks-${CONFIGURATION}-input-files.xcfilelist",
			);
			name = "[CP] Embed Pods Frameworks";
			outputFileListPaths = (
				"${PODS_ROOT}/Target Support Files/Pods-RecipeBook/Pods-RecipeBook-frameworks-${CONFIGURATION}-output-files.xcfilelist",
			);
			runOnlyForDeploymentPostprocessing = 0;
			shellPath = /bin/sh;
			shellScript = "\"${PODS_ROOT}/Target Support Files/Pods-RecipeBook/Pods-RecipeBook-frameworks.sh\"\n";
			showEnvVarsInLog = 0;
		};
		ABACE87F2A83AA4D009C77EE /* ShellScript */ = {
			isa = PBXShellScriptBuildPhase;
			buildActionMask = 2147483647;
			files = (
			);
			inputFileListPaths = (
			);
			inputPaths = (
			);
			outputFileListPaths = (
			);
			outputPaths = (
			);
			runOnlyForDeploymentPostprocessing = 0;
			shellPath = /bin/sh;
			shellScript = "export PATH=\"$PATH:/opt/homebrew/bin\"\nif which swiftlint > /dev/null; then\n  swiftlint\nelse\n  echo \"warning: SwiftLint not installed, download from https://github.com/realm/SwiftLint\"\nfi\n";
		};
/* End PBXShellScriptBuildPhase section */

/* Begin PBXSourcesBuildPhase section */
		ABACE8642A83AA03009C77EE /* Sources */ = {
			isa = PBXSourcesBuildPhase;
			buildActionMask = 2147483647;
			files = (
				AB105C972A83DD8B00EAE886 /* NameScreenViewController.swift in Sources */,
				ABF5FD9C2A84CEED007AFBAC /* HomeScreenViewController.swift in Sources */,
				ABACE86C2A83AA03009C77EE /* AppDelegate.swift in Sources */,
				AB3BD53D2A851E7F00D44712 /* UserDefaultsName.swift in Sources */,
			);
			runOnlyForDeploymentPostprocessing = 0;
		};
/* End PBXSourcesBuildPhase section */

/* Begin PBXVariantGroup section */
		ABACE8762A83AA04009C77EE /* LaunchScreen.storyboard */ = {
			isa = PBXVariantGroup;
			children = (
				ABACE8772A83AA04009C77EE /* Base */,
			);
			name = LaunchScreen.storyboard;
			sourceTree = "<group>";
		};
/* End PBXVariantGroup section */

/* Begin XCBuildConfiguration section */
		ABACE87A2A83AA04009C77EE /* Debug */ = {
			isa = XCBuildConfiguration;
			buildSettings = {
				ALWAYS_SEARCH_USER_PATHS = NO;
				CLANG_ANALYZER_NONNULL = YES;
				CLANG_ANALYZER_NUMBER_OBJECT_CONVERSION = YES_AGGRESSIVE;
				CLANG_CXX_LANGUAGE_STANDARD = "gnu++20";
				CLANG_ENABLE_MODULES = YES;
				CLANG_ENABLE_OBJC_ARC = YES;
				CLANG_ENABLE_OBJC_WEAK = YES;
				CLANG_WARN_BLOCK_CAPTURE_AUTORELEASING = YES;
				CLANG_WARN_BOOL_CONVERSION = YES;
				CLANG_WARN_COMMA = YES;
				CLANG_WARN_CONSTANT_CONVERSION = YES;
				CLANG_WARN_DEPRECATED_OBJC_IMPLEMENTATIONS = YES;
				CLANG_WARN_DIRECT_OBJC_ISA_USAGE = YES_ERROR;
				CLANG_WARN_DOCUMENTATION_COMMENTS = YES;
				CLANG_WARN_EMPTY_BODY = YES;
				CLANG_WARN_ENUM_CONVERSION = YES;
				CLANG_WARN_INFINITE_RECURSION = YES;
				CLANG_WARN_INT_CONVERSION = YES;
				CLANG_WARN_NON_LITERAL_NULL_CONVERSION = YES;
				CLANG_WARN_OBJC_IMPLICIT_RETAIN_SELF = YES;
				CLANG_WARN_OBJC_LITERAL_CONVERSION = YES;
				CLANG_WARN_OBJC_ROOT_CLASS = YES_ERROR;
				CLANG_WARN_QUOTED_INCLUDE_IN_FRAMEWORK_HEADER = YES;
				CLANG_WARN_RANGE_LOOP_ANALYSIS = YES;
				CLANG_WARN_STRICT_PROTOTYPES = YES;
				CLANG_WARN_SUSPICIOUS_MOVE = YES;
				CLANG_WARN_UNGUARDED_AVAILABILITY = YES_AGGRESSIVE;
				CLANG_WARN_UNREACHABLE_CODE = YES;
				CLANG_WARN__DUPLICATE_METHOD_MATCH = YES;
				COPY_PHASE_STRIP = NO;
				DEBUG_INFORMATION_FORMAT = dwarf;
				ENABLE_STRICT_OBJC_MSGSEND = YES;
				ENABLE_TESTABILITY = YES;
				GCC_C_LANGUAGE_STANDARD = gnu11;
				GCC_DYNAMIC_NO_PIC = NO;
				GCC_NO_COMMON_BLOCKS = YES;
				GCC_OPTIMIZATION_LEVEL = 0;
				GCC_PREPROCESSOR_DEFINITIONS = (
					"DEBUG=1",
					"$(inherited)",
				);
				GCC_WARN_64_TO_32_BIT_CONVERSION = YES;
				GCC_WARN_ABOUT_RETURN_TYPE = YES_ERROR;
				GCC_WARN_UNDECLARED_SELECTOR = YES;
				GCC_WARN_UNINITIALIZED_AUTOS = YES_AGGRESSIVE;
				GCC_WARN_UNUSED_FUNCTION = YES;
				GCC_WARN_UNUSED_VARIABLE = YES;
				IPHONEOS_DEPLOYMENT_TARGET = 16.4;
				MTL_ENABLE_DEBUG_INFO = INCLUDE_SOURCE;
				MTL_FAST_MATH = YES;
				ONLY_ACTIVE_ARCH = YES;
				SDKROOT = iphoneos;
				SWIFT_ACTIVE_COMPILATION_CONDITIONS = DEBUG;
				SWIFT_OPTIMIZATION_LEVEL = "-Onone";
			};
			name = Debug;
		};
		ABACE87B2A83AA04009C77EE /* Release */ = {
			isa = XCBuildConfiguration;
			buildSettings = {
				ALWAYS_SEARCH_USER_PATHS = NO;
				CLANG_ANALYZER_NONNULL = YES;
				CLANG_ANALYZER_NUMBER_OBJECT_CONVERSION = YES_AGGRESSIVE;
				CLANG_CXX_LANGUAGE_STANDARD = "gnu++20";
				CLANG_ENABLE_MODULES = YES;
				CLANG_ENABLE_OBJC_ARC = YES;
				CLANG_ENABLE_OBJC_WEAK = YES;
				CLANG_WARN_BLOCK_CAPTURE_AUTORELEASING = YES;
				CLANG_WARN_BOOL_CONVERSION = YES;
				CLANG_WARN_COMMA = YES;
				CLANG_WARN_CONSTANT_CONVERSION = YES;
				CLANG_WARN_DEPRECATED_OBJC_IMPLEMENTATIONS = YES;
				CLANG_WARN_DIRECT_OBJC_ISA_USAGE = YES_ERROR;
				CLANG_WARN_DOCUMENTATION_COMMENTS = YES;
				CLANG_WARN_EMPTY_BODY = YES;
				CLANG_WARN_ENUM_CONVERSION = YES;
				CLANG_WARN_INFINITE_RECURSION = YES;
				CLANG_WARN_INT_CONVERSION = YES;
				CLANG_WARN_NON_LITERAL_NULL_CONVERSION = YES;
				CLANG_WARN_OBJC_IMPLICIT_RETAIN_SELF = YES;
				CLANG_WARN_OBJC_LITERAL_CONVERSION = YES;
				CLANG_WARN_OBJC_ROOT_CLASS = YES_ERROR;
				CLANG_WARN_QUOTED_INCLUDE_IN_FRAMEWORK_HEADER = YES;
				CLANG_WARN_RANGE_LOOP_ANALYSIS = YES;
				CLANG_WARN_STRICT_PROTOTYPES = YES;
				CLANG_WARN_SUSPICIOUS_MOVE = YES;
				CLANG_WARN_UNGUARDED_AVAILABILITY = YES_AGGRESSIVE;
				CLANG_WARN_UNREACHABLE_CODE = YES;
				CLANG_WARN__DUPLICATE_METHOD_MATCH = YES;
				COPY_PHASE_STRIP = NO;
				DEBUG_INFORMATION_FORMAT = "dwarf-with-dsym";
				ENABLE_NS_ASSERTIONS = NO;
				ENABLE_STRICT_OBJC_MSGSEND = YES;
				GCC_C_LANGUAGE_STANDARD = gnu11;
				GCC_NO_COMMON_BLOCKS = YES;
				GCC_WARN_64_TO_32_BIT_CONVERSION = YES;
				GCC_WARN_ABOUT_RETURN_TYPE = YES_ERROR;
				GCC_WARN_UNDECLARED_SELECTOR = YES;
				GCC_WARN_UNINITIALIZED_AUTOS = YES_AGGRESSIVE;
				GCC_WARN_UNUSED_FUNCTION = YES;
				GCC_WARN_UNUSED_VARIABLE = YES;
				IPHONEOS_DEPLOYMENT_TARGET = 16.4;
				MTL_ENABLE_DEBUG_INFO = NO;
				MTL_FAST_MATH = YES;
				SDKROOT = iphoneos;
				SWIFT_COMPILATION_MODE = wholemodule;
				SWIFT_OPTIMIZATION_LEVEL = "-O";
				VALIDATE_PRODUCT = YES;
			};
			name = Release;
		};
		ABACE87D2A83AA04009C77EE /* Debug */ = {
			isa = XCBuildConfiguration;
			baseConfigurationReference = 07DC99E6DBC41960EF1CA1CD /* Pods-RecipeBook.debug.xcconfig */;
			buildSettings = {
				ASSETCATALOG_COMPILER_APPICON_NAME = AppIcon;
				ASSETCATALOG_COMPILER_GLOBAL_ACCENT_COLOR_NAME = AccentColor;
				CODE_SIGN_STYLE = Automatic;
				CURRENT_PROJECT_VERSION = 1;
				DEVELOPMENT_TEAM = K6T99F46C8;
				GENERATE_INFOPLIST_FILE = YES;
				INFOPLIST_FILE = RecipeBook/Info.plist;
				INFOPLIST_KEY_UIApplicationSupportsIndirectInputEvents = YES;
				INFOPLIST_KEY_UILaunchStoryboardName = LaunchScreen;
				INFOPLIST_KEY_UISupportedInterfaceOrientations_iPad = "UIInterfaceOrientationPortrait UIInterfaceOrientationPortraitUpsideDown UIInterfaceOrientationLandscapeLeft UIInterfaceOrientationLandscapeRight";
				INFOPLIST_KEY_UISupportedInterfaceOrientations_iPhone = "UIInterfaceOrientationPortrait UIInterfaceOrientationLandscapeLeft UIInterfaceOrientationLandscapeRight";
				LD_RUNPATH_SEARCH_PATHS = (
					"$(inherited)",
					"@executable_path/Frameworks",
				);
				MARKETING_VERSION = 1.0;
				PRODUCT_BUNDLE_IDENTIFIER = com.DavidFarcas.RecipeBook;
				PRODUCT_NAME = "$(TARGET_NAME)";
				SWIFT_EMIT_LOC_STRINGS = YES;
				SWIFT_VERSION = 5.0;
				TARGETED_DEVICE_FAMILY = "1,2";
			};
			name = Debug;
		};
		ABACE87E2A83AA04009C77EE /* Release */ = {
			isa = XCBuildConfiguration;
			baseConfigurationReference = B98A303049C07C1F769F8875 /* Pods-RecipeBook.release.xcconfig */;
			buildSettings = {
				ASSETCATALOG_COMPILER_APPICON_NAME = AppIcon;
				ASSETCATALOG_COMPILER_GLOBAL_ACCENT_COLOR_NAME = AccentColor;
				CODE_SIGN_STYLE = Automatic;
				CURRENT_PROJECT_VERSION = 1;
				DEVELOPMENT_TEAM = K6T99F46C8;
				GENERATE_INFOPLIST_FILE = YES;
				INFOPLIST_FILE = RecipeBook/Info.plist;
				INFOPLIST_KEY_UIApplicationSupportsIndirectInputEvents = YES;
				INFOPLIST_KEY_UILaunchStoryboardName = LaunchScreen;
				INFOPLIST_KEY_UISupportedInterfaceOrientations_iPad = "UIInterfaceOrientationPortrait UIInterfaceOrientationPortraitUpsideDown UIInterfaceOrientationLandscapeLeft UIInterfaceOrientationLandscapeRight";
				INFOPLIST_KEY_UISupportedInterfaceOrientations_iPhone = "UIInterfaceOrientationPortrait UIInterfaceOrientationLandscapeLeft UIInterfaceOrientationLandscapeRight";
				LD_RUNPATH_SEARCH_PATHS = (
					"$(inherited)",
					"@executable_path/Frameworks",
				);
				MARKETING_VERSION = 1.0;
				PRODUCT_BUNDLE_IDENTIFIER = com.DavidFarcas.RecipeBook;
				PRODUCT_NAME = "$(TARGET_NAME)";
				SWIFT_EMIT_LOC_STRINGS = YES;
				SWIFT_VERSION = 5.0;
				TARGETED_DEVICE_FAMILY = "1,2";
			};
			name = Release;
		};
/* End XCBuildConfiguration section */

/* Begin XCConfigurationList section */
		ABACE8632A83AA03009C77EE /* Build configuration list for PBXProject "RecipeBook" */ = {
			isa = XCConfigurationList;
			buildConfigurations = (
				ABACE87A2A83AA04009C77EE /* Debug */,
				ABACE87B2A83AA04009C77EE /* Release */,
			);
			defaultConfigurationIsVisible = 0;
			defaultConfigurationName = Release;
		};
		ABACE87C2A83AA04009C77EE /* Build configuration list for PBXNativeTarget "RecipeBook" */ = {
			isa = XCConfigurationList;
			buildConfigurations = (
				ABACE87D2A83AA04009C77EE /* Debug */,
				ABACE87E2A83AA04009C77EE /* Release */,
			);
			defaultConfigurationIsVisible = 0;
			defaultConfigurationName = Release;
		};
/* End XCConfigurationList section */
	};
	rootObject = ABACE8602A83AA03009C77EE /* Project object */;
}
